
Microsoft Visual Studio Solution File, Format Version 12.00
# Visual Studio Version 17
VisualStudioVersion = 17.8.34408.163
MinimumVisualStudioVersion = 10.0.40219.1
Project("{FAE04EC0-301F-11D3-BF4B-00C04F79EFBC}") = "APImission10", "APImission10.csproj", "{35B1B130-9785-49B3-8611-D2D3B5BCF466}"
EndProject
Global
	GlobalSection(SolutionConfigurationPlatforms) = preSolution
		Debug|Any CPU = Debug|Any CPU
		Release|Any CPU = Release|Any CPU
	EndGlobalSection
	GlobalSection(ProjectConfigurationPlatforms) = postSolution
		{35B1B130-9785-49B3-8611-D2D3B5BCF466}.Debug|Any CPU.ActiveCfg = Debug|Any CPU
		{35B1B130-9785-49B3-8611-D2D3B5BCF466}.Debug|Any CPU.Build.0 = Debug|Any CPU
		{35B1B130-9785-49B3-8611-D2D3B5BCF466}.Release|Any CPU.ActiveCfg = Release|Any CPU
		{35B1B130-9785-49B3-8611-D2D3B5BCF466}.Release|Any CPU.Build.0 = Release|Any CPU
	EndGlobalSection
	GlobalSection(SolutionProperties) = preSolution
		HideSolutionNode = FALSE
	EndGlobalSection
	GlobalSection(ExtensibilityGlobals) = postSolution
		SolutionGuid = {5D486B63-5FC2-4D4D-ACBC-3E5E1F73BFA6}
	EndGlobalSection
EndGlobal
